
Microsoft Visual Studio Solution File, Format Version 12.00
# Visual Studio Version 17
VisualStudioVersion = 17.10.34928.147
MinimumVisualStudioVersion = 10.0.40219.1
Project("{FAE04EC0-301F-11D3-BF4B-00C04F79EFBC}") = "fiber_erp_dev1", "fiber_erp_dev1.csproj", "{79319C79-C4FB-4DD4-9DC8-5E551A4D679B}"
EndProject
Global
	GlobalSection(SolutionConfigurationPlatforms) = preSolution
		Debug|Any CPU = Debug|Any CPU
		Release|Any CPU = Release|Any CPU
	EndGlobalSection
	GlobalSection(ProjectConfigurationPlatforms) = postSolution
		{79319C79-C4FB-4DD4-9DC8-5E551A4D679B}.Debug|Any CPU.ActiveCfg = Debug|Any CPU
		{79319C79-C4FB-4DD4-9DC8-5E551A4D679B}.Debug|Any CPU.Build.0 = Debug|Any CPU
		{79319C79-C4FB-4DD4-9DC8-5E551A4D679B}.Release|Any CPU.ActiveCfg = Release|Any CPU
		{79319C79-C4FB-4DD4-9DC8-5E551A4D679B}.Release|Any CPU.Build.0 = Release|Any CPU
	EndGlobalSection
	GlobalSection(SolutionProperties) = preSolution
		HideSolutionNode = FALSE
	EndGlobalSection
	GlobalSection(ExtensibilityGlobals) = postSolution
		SolutionGuid = {4BEDB452-9BDF-485E-933A-3A8803383AD6}
	EndGlobalSection
EndGlobal
